
Microsoft Visual Studio Solution File, Format Version 12.00
# Visual Studio Version 16
VisualStudioVersion = 16.0.29920.165
MinimumVisualStudioVersion = 10.0.40219.1
Project("{FAE04EC0-301F-11D3-BF4B-00C04F79EFBC}") = "Snake", "Snake.csproj", "{BF1209F6-EDD8-4F8D-9D14-3BEE1E026DC7}"
EndProject
Global
	GlobalSection(SolutionConfigurationPlatforms) = preSolution
		Debug|Any CPU = Debug|Any CPU
		Release|Any CPU = Release|Any CPU
	EndGlobalSection
	GlobalSection(ProjectConfigurationPlatforms) = postSolution
		{BF1209F6-EDD8-4F8D-9D14-3BEE1E026DC7}.Debug|Any CPU.ActiveCfg = Debug|Any CPU
		{BF1209F6-EDD8-4F8D-9D14-3BEE1E026DC7}.Debug|Any CPU.Build.0 = Debug|Any CPU
		{BF1209F6-EDD8-4F8D-9D14-3BEE1E026DC7}.Release|Any CPU.ActiveCfg = Release|Any CPU
		{BF1209F6-EDD8-4F8D-9D14-3BEE1E026DC7}.Release|Any CPU.Build.0 = Release|Any CPU
	EndGlobalSection
	GlobalSection(SolutionProperties) = preSolution
		HideSolutionNode = FALSE
	EndGlobalSection
	GlobalSection(ExtensibilityGlobals) = postSolution
		SolutionGuid = {DB113A85-46F1-495C-9630-EE35B95F5400}
	EndGlobalSection
EndGlobal
